// !$*UTF8*$!
{
	archiveVersion = 1;
	classes = {
	};
	objectVersion = 77;
	objects = {

/* Begin PBXBuildFile section */
		99A8F0752EFA19B700A75CF9 /* Launch Screen.storyboard in Resources */ = {isa = PBXBuildFile; fileRef = 99A8F0742EFA19B700A75CF9 /* Launch Screen.storyboard */; };
/* End PBXBuildFile section */

/* Begin PBXContainerItemProxy section */
		99C4FB372E9E05B2003F8E91 /* PBXContainerItemProxy */ = {
			isa = PBXContainerItemProxy;
			containerPortal = 99C4FB212E9E05B1003F8E91 /* Project object */;
			proxyType = 1;
			remoteGlobalIDString = 99C4FB282E9E05B1003F8E91;
			remoteInfo = focusmate;
		};
		99C4FB412E9E05B2003F8E91 /* PBXContainerItemProxy */ = {
			isa = PBXContainerItemProxy;
			containerPortal = 99C4FB212E9E05B1003F8E91 /* Project object */;
			proxyType = 1;
			remoteGlobalIDString = 99C4FB282E9E05B1003F8E91;
			remoteInfo = focusmate;
		};
/* End PBXContainerItemProxy section */

/* Begin PBXFileReference section */
		99A8F0742EFA19B700A75CF9 /* Launch Screen.storyboard */ = {isa = PBXFileReference; lastKnownFileType = file.storyboard; path = "Launch Screen.storyboard"; sourceTree = "<group>"; };
		99C4FB292E9E05B1003F8E91 /* focusmate.app */ = {isa = PBXFileReference; explicitFileType = wrapper.application; includeInIndex = 0; path = focusmate.app; sourceTree = BUILT_PRODUCTS_DIR; };
		99C4FB362E9E05B2003F8E91 /* focusmateTests.xctest */ = {isa = PBXFileReference; explicitFileType = wrapper.cfbundle; includeInIndex = 0; path = focusmateTests.xctest; sourceTree = BUILT_PRODUCTS_DIR; };
		99C4FB402E9E05B2003F8E91 /* focusmateUITests.xctest */ = {isa = PBXFileReference; explicitFileType = wrapper.cfbundle; includeInIndex = 0; path = focusmateUITests.xctest; sourceTree = BUILT_PRODUCTS_DIR; };
/* End PBXFileReference section */

/* Begin PBXFileSystemSynchronizedBuildFileExceptionSet section */
		99C4FC422EA59034003F8E91 /* Exceptions for "focusmate" folder in "focusmate" target */ = {
			isa = PBXFileSystemSynchronizedBuildFileExceptionSet;
			membershipExceptions = (
				"Debug-Info.plist",
				"Release-Info.plist",
			);
			target = 99C4FB282E9E05B1003F8E91 /* focusmate */;
		};
/* End PBXFileSystemSynchronizedBuildFileExceptionSet section */

/* Begin PBXFileSystemSynchronizedRootGroup section */
		99C4FB2B2E9E05B1003F8E91 /* focusmate */ = {
			isa = PBXFileSystemSynchronizedRootGroup;
			exceptions = (
				99C4FC422EA59034003F8E91 /* Exceptions for "focusmate" folder in "focusmate" target */,
			);
			path = focusmate;
			sourceTree = "<group>";
		};
		99C4FB392E9E05B2003F8E91 /* focusmateTests */ = {
			isa = PBXFileSystemSynchronizedRootGroup;
			path = focusmateTests;
			sourceTree = "<group>";
		};
		99C4FB432E9E05B2003F8E91 /* focusmateUITests */ = {
			isa = PBXFileSystemSynchronizedRootGroup;
			path = focusmateUITests;
			sourceTree = "<group>";
		};
/* End PBXFileSystemSynchronizedRootGroup section */

/* Begin PBXFrameworksBuildPhase section */
		99C4FB262E9E05B1003F8E91 /* Frameworks */ = {
			isa = PBXFrameworksBuildPhase;
			buildActionMask = 2147483647;
			files = (
			);
			runOnlyForDeploymentPostprocessing = 0;
		};
		99C4FB332E9E05B2003F8E91 /* Frameworks */ = {
			isa = PBXFrameworksBuildPhase;
			buildActionMask = 2147483647;
			files = (
			);
			runOnlyForDeploymentPostprocessing = 0;
		};
		99C4FB3D2E9E05B2003F8E91 /* Frameworks */ = {
			isa = PBXFrameworksBuildPhase;
			buildActionMask = 2147483647;
			files = (
			);
			runOnlyForDeploymentPostprocessing = 0;
		};
/* End PBXFrameworksBuildPhase section */

/* Begin PBXGroup section */
		99C4FB202E9E05B1003F8E91 = {
			isa = PBXGroup;
			children = (
				99A8F0742EFA19B700A75CF9 /* Launch Screen.storyboard */,
				99C4FB2B2E9E05B1003F8E91 /* focusmate */,
				99C4FB392E9E05B2003F8E91 /* focusmateTests */,
				99C4FB432E9E05B2003F8E91 /* focusmateUITests */,
				99C4FB2A2E9E05B1003F8E91 /* Products */,
			);
			sourceTree = "<group>";
		};
		99C4FB2A2E9E05B1003F8E91 /* Products */ = {
			isa = PBXGroup;
			children = (
				99C4FB292E9E05B1003F8E91 /* focusmate.app */,
				99C4FB362E9E05B2003F8E91 /* focusmateTests.xctest */,
				99C4FB402E9E05B2003F8E91 /* focusmateUITests.xctest */,
			);
			name = Products;
			sourceTree = "<group>";
		};
/* End PBXGroup section */

/* Begin PBXNativeTarget section */
		99C4FB282E9E05B1003F8E91 /* focusmate */ = {
			isa = PBXNativeTarget;
			buildConfigurationList = 99C4FB4A2E9E05B2003F8E91 /* Build configuration list for PBXNativeTarget "focusmate" */;
			buildPhases = (
				99C4FB252E9E05B1003F8E91 /* Sources */,
				99C4FB262E9E05B1003F8E91 /* Frameworks */,
				99C4FB272E9E05B1003F8E91 /* Resources */,
			);
			buildRules = (
			);
			dependencies = (
			);
			fileSystemSynchronizedGroups = (
				99C4FB2B2E9E05B1003F8E91 /* focusmate */,
			);
			name = focusmate;
			packageProductDependencies = (
			);
			productName = focusmate;
			productReference = 99C4FB292E9E05B1003F8E91 /* focusmate.app */;
			productType = "com.apple.product-type.application";
		};
		99C4FB352E9E05B2003F8E91 /* focusmateTests */ = {
			isa = PBXNativeTarget;
			buildConfigurationList = 99C4FB4D2E9E05B2003F8E91 /* Build configuration list for PBXNativeTarget "focusmateTests" */;
			buildPhases = (
				99C4FB322E9E05B2003F8E91 /* Sources */,
				99C4FB332E9E05B2003F8E91 /* Frameworks */,
				99C4FB342E9E05B2003F8E91 /* Resources */,
			);
			buildRules = (
			);
			dependencies = (
				99C4FB382E9E05B2003F8E91 /* PBXTargetDependency */,
			);
			fileSystemSynchronizedGroups = (
				99C4FB392E9E05B2003F8E91 /* focusmateTests */,
			);
			name = focusmateTests;
			packageProductDependencies = (
			);
			productName = focusmateTests;
			productReference = 99C4FB362E9E05B2003F8E91 /* focusmateTests.xctest */;
			productType = "com.apple.product-type.bundle.unit-test";
		};
		99C4FB3F2E9E05B2003F8E91 /* focusmateUITests */ = {
			isa = PBXNativeTarget;
			buildConfigurationList = 99C4FB502E9E05B2003F8E91 /* Build configuration list for PBXNativeTarget "focusmateUITests" */;
			buildPhases = (
				99C4FB3C2E9E05B2003F8E91 /* Sources */,
				99C4FB3D2E9E05B2003F8E91 /* Frameworks */,
				99C4FB3E2E9E05B2003F8E91 /* Resources */,
			);
			buildRules = (
			);
			dependencies = (
				99C4FB422E9E05B2003F8E91 /* PBXTargetDependency */,
			);
			fileSystemSynchronizedGroups = (
				99C4FB432E9E05B2003F8E91 /* focusmateUITests */,
			);
			name = focusmateUITests;
			packageProductDependencies = (
			);
			productName = focusmateUITests;
			productReference = 99C4FB402E9E05B2003F8E91 /* focusmateUITests.xctest */;
			productType = "com.apple.product-type.bundle.ui-testing";
		};
/* End PBXNativeTarget section */

/* Begin PBXProject section */
		99C4FB212E9E05B1003F8E91 /* Project object */ = {
			isa = PBXProject;
			attributes = {
				BuildIndependentTargetsInParallel = 1;
				LastSwiftUpdateCheck = 2600;
				LastUpgradeCheck = 2600;
				TargetAttributes = {
					99C4FB282E9E05B1003F8E91 = {
						CreatedOnToolsVersion = 26.0.1;
					};
					99C4FB352E9E05B2003F8E91 = {
						CreatedOnToolsVersion = 26.0.1;
						TestTargetID = 99C4FB282E9E05B1003F8E91;
					};
					99C4FB3F2E9E05B2003F8E91 = {
						CreatedOnToolsVersion = 26.0.1;
						TestTargetID = 99C4FB282E9E05B1003F8E91;
					};
				};
			};
			buildConfigurationList = 99C4FB242E9E05B1003F8E91 /* Build configuration list for PBXProject "focusmate" */;
			developmentRegion = en;
			hasScannedForEncodings = 0;
			knownRegions = (
				en,
				Base,
			);
			mainGroup = 99C4FB202E9E05B1003F8E91;
			minimizedProjectReferenceProxies = 1;
			preferredProjectObjectVersion = 77;
			productRefGroup = 99C4FB2A2E9E05B1003F8E91 /* Products */;
			projectDirPath = "";
			projectRoot = "";
			targets = (
				99C4FB282E9E05B1003F8E91 /* focusmate */,
				99C4FB352E9E05B2003F8E91 /* focusmateTests */,
				99C4FB3F2E9E05B2003F8E91 /* focusmateUITests */,
			);
		};
/* End PBXProject section */

/* Begin PBXResourcesBuildPhase section */
		99C4FB272E9E05B1003F8E91 /* Resources */ = {
			isa = PBXResourcesBuildPhase;
			buildActionMask = 2147483647;
			files = (
				99A8F0752EFA19B700A75CF9 /* Launch Screen.storyboard in Resources */,
			);
			runOnlyForDeploymentPostprocessing = 0;
		};
		99C4FB342E9E05B2003F8E91 /* Resources */ = {
			isa = PBXResourcesBuildPhase;
			buildActionMask = 2147483647;
			files = (
			);
			runOnlyForDeploymentPostprocessing = 0;
		};
		99C4FB3E2E9E05B2003F8E91 /* Resources */ = {
			isa = PBXResourcesBuildPhase;
			buildActionMask = 2147483647;
			files = (
			);
			runOnlyForDeploymentPostprocessing = 0;
		};
/* End PBXResourcesBuildPhase section */

/* Begin PBXSourcesBuildPhase section */
		99C4FB252E9E05B1003F8E91 /* Sources */ = {
			isa = PBXSourcesBuildPhase;
			buildActionMask = 2147483647;
			files = (
			);
			runOnlyForDeploymentPostprocessing = 0;
		};
		99C4FB322E9E05B2003F8E91 /* Sources */ = {
			isa = PBXSourcesBuildPhase;
			buildActionMask = 2147483647;
			files = (
			);
			runOnlyForDeploymentPostprocessing = 0;
		};
		99C4FB3C2E9E05B2003F8E91 /* Sources */ = {
			isa = PBXSourcesBuildPhase;
			buildActionMask = 2147483647;
			files = (
			);
			runOnlyForDeploymentPostprocessing = 0;
		};
/* End PBXSourcesBuildPhase section */

/* Begin PBXTargetDependency section */
		99C4FB382E9E05B2003F8E91 /* PBXTargetDependency */ = {
			isa = PBXTargetDependency;
			target = 99C4FB282E9E05B1003F8E91 /* focusmate */;
			targetProxy = 99C4FB372E9E05B2003F8E91 /* PBXContainerItemProxy */;
		};
		99C4FB422E9E05B2003F8E91 /* PBXTargetDependency */ = {
			isa = PBXTargetDependency;
			target = 99C4FB282E9E05B1003F8E91 /* focusmate */;
			targetProxy = 99C4FB412E9E05B2003F8E91 /* PBXContainerItemProxy */;
		};
/* End PBXTargetDependency section */

/* Begin XCBuildConfiguration section */
		99C4FB482E9E05B2003F8E91 /* Debug */ = {
			isa = XCBuildConfiguration;
			buildSettings = {
				ALWAYS_SEARCH_USER_PATHS = NO;
				ASSETCATALOG_COMPILER_GENERATE_SWIFT_ASSET_SYMBOL_EXTENSIONS = YES;
				BASE_CONFIGURATION_REFERENCE = Debug.xcconfig;
				CLANG_ANALYZER_NONNULL = YES;
				CLANG_ANALYZER_NUMBER_OBJECT_CONVERSION = YES_AGGRESSIVE;
				CLANG_CXX_LANGUAGE_STANDARD = "gnu++20";
				CLANG_ENABLE_MODULES = YES;
				CLANG_ENABLE_OBJC_ARC = YES;
				CLANG_ENABLE_OBJC_WEAK = YES;
				CLANG_WARN_BLOCK_CAPTURE_AUTORELEASING = YES;
				CLANG_WARN_BOOL_CONVERSION = YES;
				CLANG_WARN_COMMA = YES;
				CLANG_WARN_CONSTANT_CONVERSION = YES;
				CLANG_WARN_DEPRECATED_OBJC_IMPLEMENTATIONS = YES;
				CLANG_WARN_DIRECT_OBJC_ISA_USAGE = YES_ERROR;
				CLANG_WARN_DOCUMENTATION_COMMENTS = YES;
				CLANG_WARN_EMPTY_BODY = YES;
				CLANG_WARN_ENUM_CONVERSION = YES;
				CLANG_WARN_INFINITE_RECURSION = YES;
				CLANG_WARN_INT_CONVERSION = YES;
				CLANG_WARN_NON_LITERAL_NULL_CONVERSION = YES;
				CLANG_WARN_OBJC_IMPLICIT_RETAIN_SELF = YES;
				CLANG_WARN_OBJC_LITERAL_CONVERSION = YES;
				CLANG_WARN_OBJC_ROOT_CLASS = YES_ERROR;
				CLANG_WARN_QUOTED_INCLUDE_IN_FRAMEWORK_HEADER = YES;
				CLANG_WARN_RANGE_LOOP_ANALYSIS = YES;
				CLANG_WARN_STRICT_PROTOTYPES = YES;
				CLANG_WARN_SUSPICIOUS_MOVE = YES;
				CLANG_WARN_UNGUARDED_AVAILABILITY = YES_AGGRESSIVE;
				CLANG_WARN_UNREACHABLE_CODE = YES;
				CLANG_WARN__DUPLICATE_METHOD_MATCH = YES;
				COPY_PHASE_STRIP = NO;
				DEBUG_INFORMATION_FORMAT = dwarf;
				ENABLE_STRICT_OBJC_MSGSEND = YES;
				ENABLE_TESTABILITY = YES;
				ENABLE_USER_SCRIPT_SANDBOXING = YES;
				GCC_C_LANGUAGE_STANDARD = gnu17;
				GCC_DYNAMIC_NO_PIC = NO;
				GCC_NO_COMMON_BLOCKS = YES;
				GCC_OPTIMIZATION_LEVEL = 0;
				GCC_PREPROCESSOR_DEFINITIONS = (
					"DEBUG=1",
					"$(inherited)",
				);
				GCC_WARN_64_TO_32_BIT_CONVERSION = YES;
				GCC_WARN_ABOUT_RETURN_TYPE = YES_ERROR;
				GCC_WARN_UNDECLARED_SELECTOR = YES;
				GCC_WARN_UNINITIALIZED_AUTOS = YES_AGGRESSIVE;
				GCC_WARN_UNUSED_FUNCTION = YES;
				GCC_WARN_UNUSED_VARIABLE = YES;
				IPHONEOS_DEPLOYMENT_TARGET = 26.0;
				LOCALIZATION_PREFERS_STRING_CATALOGS = YES;
				MTL_ENABLE_DEBUG_INFO = INCLUDE_SOURCE;
				MTL_FAST_MATH = YES;
				ONLY_ACTIVE_ARCH = YES;
				SDKROOT = iphoneos;
				SWIFT_ACTIVE_COMPILATION_CONDITIONS = "DEBUG $(inherited)";
				SWIFT_OPTIMIZATION_LEVEL = "-Onone";
			};
			name = Debug;
		};
		99C4FB492E9E05B2003F8E91 /* Release */ = {
			isa = XCBuildConfiguration;
			buildSettings = {
				ALWAYS_SEARCH_USER_PATHS = NO;
				ASSETCATALOG_COMPILER_GENERATE_SWIFT_ASSET_SYMBOL_EXTENSIONS = YES;
				BASE_CONFIGURATION_REFERENCE = Release.xcconfig;
				CLANG_ANALYZER_NONNULL = YES;
				CLANG_ANALYZER_NUMBER_OBJECT_CONVERSION = YES_AGGRESSIVE;
				CLANG_CXX_LANGUAGE_STANDARD = "gnu++20";
				CLANG_ENABLE_MODULES = YES;
				CLANG_ENABLE_OBJC_ARC = YES;
				CLANG_ENABLE_OBJC_WEAK = YES;
				CLANG_WARN_BLOCK_CAPTURE_AUTORELEASING = YES;
				CLANG_WARN_BOOL_CONVERSION = YES;
				CLANG_WARN_COMMA = YES;
				CLANG_WARN_CONSTANT_CONVERSION = YES;
				CLANG_WARN_DEPRECATED_OBJC_IMPLEMENTATIONS = YES;
				CLANG_WARN_DIRECT_OBJC_ISA_USAGE = YES_ERROR;
				CLANG_WARN_DOCUMENTATION_COMMENTS = YES;
				CLANG_WARN_EMPTY_BODY = YES;
				CLANG_WARN_ENUM_CONVERSION = YES;
				CLANG_WARN_INFINITE_RECURSION = YES;
				CLANG_WARN_INT_CONVERSION = YES;
				CLANG_WARN_NON_LITERAL_NULL_CONVERSION = YES;
				CLANG_WARN_OBJC_IMPLICIT_RETAIN_SELF = YES;
				CLANG_WARN_OBJC_LITERAL_CONVERSION = YES;
				CLANG_WARN_OBJC_ROOT_CLASS = YES_ERROR;
				CLANG_WARN_QUOTED_INCLUDE_IN_FRAMEWORK_HEADER = YES;
				CLANG_WARN_RANGE_LOOP_ANALYSIS = YES;
				CLANG_WARN_STRICT_PROTOTYPES = YES;
				CLANG_WARN_SUSPICIOUS_MOVE = YES;
				CLANG_WARN_UNGUARDED_AVAILABILITY = YES_AGGRESSIVE;
				CLANG_WARN_UNREACHABLE_CODE = YES;
				CLANG_WARN__DUPLICATE_METHOD_MATCH = YES;
				COPY_PHASE_STRIP = NO;
				DEBUG_INFORMATION_FORMAT = "dwarf-with-dsym";
				ENABLE_NS_ASSERTIONS = NO;
				ENABLE_STRICT_OBJC_MSGSEND = YES;
				ENABLE_USER_SCRIPT_SANDBOXING = YES;
				GCC_C_LANGUAGE_STANDARD = gnu17;
				GCC_NO_COMMON_BLOCKS = YES;
				GCC_WARN_64_TO_32_BIT_CONVERSION = YES;
				GCC_WARN_ABOUT_RETURN_TYPE = YES_ERROR;
				GCC_WARN_UNDECLARED_SELECTOR = YES;
				GCC_WARN_UNINITIALIZED_AUTOS = YES_AGGRESSIVE;
				GCC_WARN_UNUSED_FUNCTION = YES;
				GCC_WARN_UNUSED_VARIABLE = YES;
				IPHONEOS_DEPLOYMENT_TARGET = 26.0;
				LOCALIZATION_PREFERS_STRING_CATALOGS = YES;
				MTL_ENABLE_DEBUG_INFO = NO;
				MTL_FAST_MATH = YES;
				SDKROOT = iphoneos;
				SWIFT_COMPILATION_MODE = wholemodule;
				VALIDATE_PRODUCT = YES;
			};
			name = Release;
		};
		99C4FB4B2E9E05B2003F8E91 /* Debug */ = {
			isa = XCBuildConfiguration;
			buildSettings = {
				ASSETCATALOG_COMPILER_APPICON_NAME = AppIcon;
				ASSETCATALOG_COMPILER_GLOBAL_ACCENT_COLOR_NAME = AccentColor;
				BASE_CONFIGURATION_REFERENCE = Debug.xcconfig;
				CODE_SIGN_ENTITLEMENTS = focusmate/focusmate.entitlements;
				CODE_SIGN_STYLE = Automatic;
				CURRENT_PROJECT_VERSION = 1;
				DEVELOPMENT_TEAM = CNK57345QT;
				ENABLE_PREVIEWS = YES;
				GENERATE_INFOPLIST_FILE = NO;
				INFOPLIST_FILE = "focusmate/Debug-Info.plist";
				INFOPLIST_KEY_CFBundleDisplayName = Intentia;
				INFOPLIST_KEY_UIApplicationSceneManifest_Generation = YES;
				INFOPLIST_KEY_UIApplicationSupportsIndirectInputEvents = YES;
				INFOPLIST_KEY_UILaunchScreen_Generation = YES;
				INFOPLIST_KEY_UISupportedInterfaceOrientations_iPad = "UIInterfaceOrientationPortrait UIInterfaceOrientationPortraitUpsideDown UIInterfaceOrientationLandscapeLeft UIInterfaceOrientationLandscapeRight";
				INFOPLIST_KEY_UISupportedInterfaceOrientations_iPhone = "UIInterfaceOrientationPortrait UIInterfaceOrientationLandscapeLeft UIInterfaceOrientationLandscapeRight";
				LD_RUNPATH_SEARCH_PATHS = (
					"$(inherited)",
					"@executable_path/Frameworks",
				);
				MARKETING_VERSION = 2.0;
				PRODUCT_BUNDLE_IDENTIFIER = com.monsoudzanaty.focusmate;
				PRODUCT_NAME = "$(TARGET_NAME)";
				STRING_CATALOG_GENERATE_SYMBOLS = YES;
				SWIFT_APPROACHABLE_CONCURRENCY = YES;
				SWIFT_DEFAULT_ACTOR_ISOLATION = MainActor;
				SWIFT_EMIT_LOC_STRINGS = YES;
				SWIFT_UPCOMING_FEATURE_MEMBER_IMPORT_VISIBILITY = YES;
				SWIFT_VERSION = 5.0;
				TARGETED_DEVICE_FAMILY = "1,2";
			};
			name = Debug;
		};
		99C4FB4C2E9E05B2003F8E91 /* Release */ = {
			isa = XCBuildConfiguration;
			buildSettings = {
				ASSETCATALOG_COMPILER_APPICON_NAME = AppIcon;
				ASSETCATALOG_COMPILER_GLOBAL_ACCENT_COLOR_NAME = AccentColor;
				BASE_CONFIGURATION_REFERENCE = Release.xcconfig;
				CODE_SIGN_ENTITLEMENTS = focusmate/focusmate.entitlements;
				CODE_SIGN_STYLE = Automatic;
				CURRENT_PROJECT_VERSION = 1;
				"CURRENT_PROJECT_VERSION[sdk=*]" = 1;
				DEVELOPMENT_TEAM = CNK57345QT;
				ENABLE_PREVIEWS = YES;
				GENERATE_INFOPLIST_FILE = NO;
				INFOPLIST_FILE = "focusmate/Release-Info.plist";
				INFOPLIST_KEY_CFBundleDisplayName = Intentia;
				INFOPLIST_KEY_UIApplicationSceneManifest_Generation = YES;
				INFOPLIST_KEY_UIApplicationSupportsIndirectInputEvents = YES;
				INFOPLIST_KEY_UILaunchScreen_Generation = YES;
				INFOPLIST_KEY_UISupportedInterfaceOrientations_iPad = "UIInterfaceOrientationPortrait UIInterfaceOrientationPortraitUpsideDown UIInterfaceOrientationLandscapeLeft UIInterfaceOrientationLandscapeRight";
				INFOPLIST_KEY_UISupportedInterfaceOrientations_iPhone = "UIInterfaceOrientationPortrait UIInterfaceOrientationLandscapeLeft UIInterfaceOrientationLandscapeRight";
				LD_RUNPATH_SEARCH_PATHS = (
					"$(inherited)",
					"@executable_path/Frameworks",
				);
				MARKETING_VERSION = 2.0;
				PRODUCT_BUNDLE_IDENTIFIER = com.monsoudzanaty.focusmate;
				PRODUCT_NAME = "$(TARGET_NAME)";
				STRING_CATALOG_GENERATE_SYMBOLS = YES;
				SWIFT_APPROACHABLE_CONCURRENCY = YES;
				SWIFT_DEFAULT_ACTOR_ISOLATION = MainActor;
				SWIFT_EMIT_LOC_STRINGS = YES;
				SWIFT_UPCOMING_FEATURE_MEMBER_IMPORT_VISIBILITY = YES;
				SWIFT_VERSION = 5.0;
				TARGETED_DEVICE_FAMILY = "1,2";
			};
			name = Release;
		};
		99C4FB4E2E9E05B2003F8E91 /* Debug */ = {
			isa = XCBuildConfiguration;
			buildSettings = {
				BUNDLE_LOADER = "$(TEST_HOST)";
				CODE_SIGN_STYLE = Automatic;
				CURRENT_PROJECT_VERSION = 1;
				GENERATE_INFOPLIST_FILE = YES;
				IPHONEOS_DEPLOYMENT_TARGET = 26.0;
				MARKETING_VERSION = 1.0;
				PRODUCT_BUNDLE_IDENTIFIER = dev.local.chace.focusmateTests;
				PRODUCT_NAME = "$(TARGET_NAME)";
				STRING_CATALOG_GENERATE_SYMBOLS = NO;
				SWIFT_APPROACHABLE_CONCURRENCY = YES;
				SWIFT_EMIT_LOC_STRINGS = NO;
				SWIFT_UPCOMING_FEATURE_MEMBER_IMPORT_VISIBILITY = YES;
				SWIFT_VERSION = 5.0;
				TARGETED_DEVICE_FAMILY = "1,2";
				TEST_HOST = "$(BUILT_PRODUCTS_DIR)/focusmate.app/$(BUNDLE_EXECUTABLE_FOLDER_PATH)/focusmate";
			};
			name = Debug;
		};
		99C4FB4F2E9E05B2003F8E91 /* Release */ = {
			isa = XCBuildConfiguration;
			buildSettings = {
				BUNDLE_LOADER = "$(TEST_HOST)";
				CODE_SIGN_STYLE = Automatic;
				CURRENT_PROJECT_VERSION = 1;
				GENERATE_INFOPLIST_FILE = YES;
				IPHONEOS_DEPLOYMENT_TARGET = 26.0;
				MARKETING_VERSION = 1.0;
				PRODUCT_BUNDLE_IDENTIFIER = dev.local.chace.focusmateTests;
				PRODUCT_NAME = "$(TARGET_NAME)";
				STRING_CATALOG_GENERATE_SYMBOLS = NO;
				SWIFT_APPROACHABLE_CONCURRENCY = YES;
				SWIFT_EMIT_LOC_STRINGS = NO;
				SWIFT_UPCOMING_FEATURE_MEMBER_IMPORT_VISIBILITY = YES;
				SWIFT_VERSION = 5.0;
				TARGETED_DEVICE_FAMILY = "1,2";
				TEST_HOST = "$(BUILT_PRODUCTS_DIR)/focusmate.app/$(BUNDLE_EXECUTABLE_FOLDER_PATH)/focusmate";
			};
			name = Release;
		};
		99C4FB512E9E05B2003F8E91 /* Debug */ = {
			isa = XCBuildConfiguration;
			buildSettings = {
				CODE_SIGN_STYLE = Automatic;
				CURRENT_PROJECT_VERSION = 1;
				GENERATE_INFOPLIST_FILE = YES;
				MARKETING_VERSION = 1.0;
				PRODUCT_BUNDLE_IDENTIFIER = dev.local.chace.focusmateUITests;
				PRODUCT_NAME = "$(TARGET_NAME)";
				STRING_CATALOG_GENERATE_SYMBOLS = NO;
				SWIFT_APPROACHABLE_CONCURRENCY = YES;
				SWIFT_EMIT_LOC_STRINGS = NO;
				SWIFT_UPCOMING_FEATURE_MEMBER_IMPORT_VISIBILITY = YES;
				SWIFT_VERSION = 5.0;
				TARGETED_DEVICE_FAMILY = "1,2";
				TEST_TARGET_NAME = focusmate;
			};
			name = Debug;
		};
		99C4FB522E9E05B2003F8E91 /* Release */ = {
			isa = XCBuildConfiguration;
			buildSettings = {
				CODE_SIGN_STYLE = Automatic;
				CURRENT_PROJECT_VERSION = 1;
				GENERATE_INFOPLIST_FILE = YES;
				MARKETING_VERSION = 1.0;
				PRODUCT_BUNDLE_IDENTIFIER = dev.local.chace.focusmateUITests;
				PRODUCT_NAME = "$(TARGET_NAME)";
				STRING_CATALOG_GENERATE_SYMBOLS = NO;
				SWIFT_APPROACHABLE_CONCURRENCY = YES;
				SWIFT_EMIT_LOC_STRINGS = NO;
				SWIFT_UPCOMING_FEATURE_MEMBER_IMPORT_VISIBILITY = YES;
				SWIFT_VERSION = 5.0;
				TARGETED_DEVICE_FAMILY = "1,2";
				TEST_TARGET_NAME = focusmate;
			};
			name = Release;
		};
/* End XCBuildConfiguration section */

/* Begin XCConfigurationList section */
		99C4FB242E9E05B1003F8E91 /* Build configuration list for PBXProject "focusmate" */ = {
			isa = XCConfigurationList;
			buildConfigurations = (
				99C4FB482E9E05B2003F8E91 /* Debug */,
				99C4FB492E9E05B2003F8E91 /* Release */,
			);
			defaultConfigurationIsVisible = 0;
			defaultConfigurationName = Release;
		};
		99C4FB4A2E9E05B2003F8E91 /* Build configuration list for PBXNativeTarget "focusmate" */ = {
			isa = XCConfigurationList;
			buildConfigurations = (
				99C4FB4B2E9E05B2003F8E91 /* Debug */,
				99C4FB4C2E9E05B2003F8E91 /* Release */,
			);
			defaultConfigurationIsVisible = 0;
			defaultConfigurationName = Release;
		};
		99C4FB4D2E9E05B2003F8E91 /* Build configuration list for PBXNativeTarget "focusmateTests" */ = {
			isa = XCConfigurationList;
			buildConfigurations = (
				99C4FB4E2E9E05B2003F8E91 /* Debug */,
				99C4FB4F2E9E05B2003F8E91 /* Release */,
			);
			defaultConfigurationIsVisible = 0;
			defaultConfigurationName = Release;
		};
		99C4FB502E9E05B2003F8E91 /* Build configuration list for PBXNativeTarget "focusmateUITests" */ = {
			isa = XCConfigurationList;
			buildConfigurations = (
				99C4FB512E9E05B2003F8E91 /* Debug */,
				99C4FB522E9E05B2003F8E91 /* Release */,
			);
			defaultConfigurationIsVisible = 0;
			defaultConfigurationName = Release;
		};
/* End XCConfigurationList section */
	};
	rootObject = 99C4FB212E9E05B1003F8E91 /* Project object */;
}
